// !$*UTF8*$!
{
	archiveVersion = 1;
	classes = {
	};
	objectVersion = 50;
	objects = {

/* Begin PBXBuildFile section */
		9734771125AA42C6009E7102 /* AppDelegate.swift in Sources */ = {isa = PBXBuildFile; fileRef = 9734771025AA42C6009E7102 /* AppDelegate.swift */; };
		9734771325AA42C6009E7102 /* ViewController.swift in Sources */ = {isa = PBXBuildFile; fileRef = 9734771225AA42C6009E7102 /* ViewController.swift */; };
		9734771525AA42C9009E7102 /* Assets.xcassets in Resources */ = {isa = PBXBuildFile; fileRef = 9734771425AA42C9009E7102 /* Assets.xcassets */; };
		9734771825AA42C9009E7102 /* Main.storyboard in Resources */ = {isa = PBXBuildFile; fileRef = 9734771625AA42C9009E7102 /* Main.storyboard */; };
		9734772425AA42CA009E7102 /* tableViewTests.swift in Sources */ = {isa = PBXBuildFile; fileRef = 9734772325AA42CA009E7102 /* tableViewTests.swift */; };
		9734772F25AA42CA009E7102 /* tableViewUITests.swift in Sources */ = {isa = PBXBuildFile; fileRef = 9734772E25AA42CA009E7102 /* tableViewUITests.swift */; };
		9734774025AA4934009E7102 /* CustomTableCell.swift in Sources */ = {isa = PBXBuildFile; fileRef = 9734773F25AA4934009E7102 /* CustomTableCell.swift */; };
/* End PBXBuildFile section */

/* Begin PBXContainerItemProxy section */
		9734772025AA42CA009E7102 /* PBXContainerItemProxy */ = {
			isa = PBXContainerItemProxy;
			containerPortal = 9734770525AA42C6009E7102 /* Project object */;
			proxyType = 1;
			remoteGlobalIDString = 9734770C25AA42C6009E7102;
			remoteInfo = tableView;
		};
		9734772B25AA42CA009E7102 /* PBXContainerItemProxy */ = {
			isa = PBXContainerItemProxy;
			containerPortal = 9734770525AA42C6009E7102 /* Project object */;
			proxyType = 1;
			remoteGlobalIDString = 9734770C25AA42C6009E7102;
			remoteInfo = tableView;
		};
/* End PBXContainerItemProxy section */

/* Begin PBXFileReference section */
		9734770D25AA42C6009E7102 /* tableView.app */ = {isa = PBXFileReference; explicitFileType = wrapper.application; includeInIndex = 0; path = tableView.app; sourceTree = BUILT_PRODUCTS_DIR; };
		9734771025AA42C6009E7102 /* AppDelegate.swift */ = {isa = PBXFileReference; lastKnownFileType = sourcecode.swift; path = AppDelegate.swift; sourceTree = "<group>"; };
		9734771225AA42C6009E7102 /* ViewController.swift */ = {isa = PBXFileReference; lastKnownFileType = sourcecode.swift; path = ViewController.swift; sourceTree = "<group>"; };
		9734771425AA42C9009E7102 /* Assets.xcassets */ = {isa = PBXFileReference; lastKnownFileType = folder.assetcatalog; path = Assets.xcassets; sourceTree = "<group>"; };
		9734771725AA42C9009E7102 /* Base */ = {isa = PBXFileReference; lastKnownFileType = file.storyboard; name = Base; path = Base.lproj/Main.storyboard; sourceTree = "<group>"; };
		9734771925AA42C9009E7102 /* Info.plist */ = {isa = PBXFileReference; lastKnownFileType = text.plist.xml; path = Info.plist; sourceTree = "<group>"; };
		9734771A25AA42C9009E7102 /* tableView.entitlements */ = {isa = PBXFileReference; lastKnownFileType = text.plist.entitlements; path = tableView.entitlements; sourceTree = "<group>"; };
		9734771F25AA42CA009E7102 /* tableViewTests.xctest */ = {isa = PBXFileReference; explicitFileType = wrapper.cfbundle; includeInIndex = 0; path = tableViewTests.xctest; sourceTree = BUILT_PRODUCTS_DIR; };
		9734772325AA42CA009E7102 /* tableViewTests.swift */ = {isa = PBXFileReference; lastKnownFileType = sourcecode.swift; path = tableViewTests.swift; sourceTree = "<group>"; };
		9734772525AA42CA009E7102 /* Info.plist */ = {isa = PBXFileReference; lastKnownFileType = text.plist.xml; path = Info.plist; sourceTree = "<group>"; };
		9734772A25AA42CA009E7102 /* tableViewUITests.xctest */ = {isa = PBXFileReference; explicitFileType = wrapper.cfbundle; includeInIndex = 0; path = tableViewUITests.xctest; sourceTree = BUILT_PRODUCTS_DIR; };
		9734772E25AA42CA009E7102 /* tableViewUITests.swift */ = {isa = PBXFileReference; lastKnownFileType = sourcecode.swift; path = tableViewUITests.swift; sourceTree = "<group>"; };
		9734773025AA42CA009E7102 /* Info.plist */ = {isa = PBXFileReference; lastKnownFileType = text.plist.xml; path = Info.plist; sourceTree = "<group>"; };
		9734773F25AA4934009E7102 /* CustomTableCell.swift */ = {isa = PBXFileReference; lastKnownFileType = sourcecode.swift; path = CustomTableCell.swift; sourceTree = "<group>"; };
/* End PBXFileReference section */

/* Begin PBXFrameworksBuildPhase section */
		9734770A25AA42C6009E7102 /* Frameworks */ = {
			isa = PBXFrameworksBuildPhase;
			buildActionMask = 2147483647;
			files = (
			);
			runOnlyForDeploymentPostprocessing = 0;
		};
		9734771C25AA42CA009E7102 /* Frameworks */ = {
			isa = PBXFrameworksBuildPhase;
			buildActionMask = 2147483647;
			files = (
			);
			runOnlyForDeploymentPostprocessing = 0;
		};
		9734772725AA42CA009E7102 /* Frameworks */ = {
			isa = PBXFrameworksBuildPhase;
			buildActionMask = 2147483647;
			files = (
			);
			runOnlyForDeploymentPostprocessing = 0;
		};
/* End PBXFrameworksBuildPhase section */

/* Begin PBXGroup section */
		9734770425AA42C6009E7102 = {
			isa = PBXGroup;
			children = (
				9734770F25AA42C6009E7102 /* tableView */,
				9734772225AA42CA009E7102 /* tableViewTests */,
				9734772D25AA42CA009E7102 /* tableViewUITests */,
				9734770E25AA42C6009E7102 /* Products */,
			);
			sourceTree = "<group>";
		};
		9734770E25AA42C6009E7102 /* Products */ = {
			isa = PBXGroup;
			children = (
				9734770D25AA42C6009E7102 /* tableView.app */,
				9734771F25AA42CA009E7102 /* tableViewTests.xctest */,
				9734772A25AA42CA009E7102 /* tableViewUITests.xctest */,
			);
			name = Products;
			sourceTree = "<group>";
		};
		9734770F25AA42C6009E7102 /* tableView */ = {
			isa = PBXGroup;
			children = (
				9734771025AA42C6009E7102 /* AppDelegate.swift */,
				9734771225AA42C6009E7102 /* ViewController.swift */,
				9734773F25AA4934009E7102 /* CustomTableCell.swift */,
				9734771425AA42C9009E7102 /* Assets.xcassets */,
				9734771625AA42C9009E7102 /* Main.storyboard */,
				9734771925AA42C9009E7102 /* Info.plist */,
				9734771A25AA42C9009E7102 /* tableView.entitlements */,
			);
			path = tableView;
			sourceTree = "<group>";
		};
		9734772225AA42CA009E7102 /* tableViewTests */ = {
			isa = PBXGroup;
			children = (
				9734772325AA42CA009E7102 /* tableViewTests.swift */,
				9734772525AA42CA009E7102 /* Info.plist */,
			);
			path = tableViewTests;
			sourceTree = "<group>";
		};
		9734772D25AA42CA009E7102 /* tableViewUITests */ = {
			isa = PBXGroup;
			children = (
				9734772E25AA42CA009E7102 /* tableViewUITests.swift */,
				9734773025AA42CA009E7102 /* Info.plist */,
			);
			path = tableViewUITests;
			sourceTree = "<group>";
		};
/* End PBXGroup section */

/* Begin PBXNativeTarget section */
		9734770C25AA42C6009E7102 /* tableView */ = {
			isa = PBXNativeTarget;
			buildConfigurationList = 9734773325AA42CA009E7102 /* Build configuration list for PBXNativeTarget "tableView" */;
			buildPhases = (
				9734770925AA42C6009E7102 /* Sources */,
				9734770A25AA42C6009E7102 /* Frameworks */,
				9734770B25AA42C6009E7102 /* Resources */,
			);
			buildRules = (
			);
			dependencies = (
			);
			name = tableView;
			productName = tableView;
			productReference = 9734770D25AA42C6009E7102 /* tableView.app */;
			productType = "com.apple.product-type.application";
		};
		9734771E25AA42CA009E7102 /* tableViewTests */ = {
			isa = PBXNativeTarget;
			buildConfigurationList = 9734773625AA42CA009E7102 /* Build configuration list for PBXNativeTarget "tableViewTests" */;
			buildPhases = (
				9734771B25AA42CA009E7102 /* Sources */,
				9734771C25AA42CA009E7102 /* Frameworks */,
				9734771D25AA42CA009E7102 /* Resources */,
			);
			buildRules = (
			);
			dependencies = (
				9734772125AA42CA009E7102 /* PBXTargetDependency */,
			);
			name = tableViewTests;
			productName = tableViewTests;
			productReference = 9734771F25AA42CA009E7102 /* tableViewTests.xctest */;
			productType = "com.apple.product-type.bundle.unit-test";
		};
		9734772925AA42CA009E7102 /* tableViewUITests */ = {
			isa = PBXNativeTarget;
			buildConfigurationList = 9734773925AA42CA009E7102 /* Build configuration list for PBXNativeTarget "tableViewUITests" */;
			buildPhases = (
				9734772625AA42CA009E7102 /* Sources */,
				9734772725AA42CA009E7102 /* Frameworks */,
				9734772825AA42CA009E7102 /* Resources */,
			);
			buildRules = (
			);
			dependencies = (
				9734772C25AA42CA009E7102 /* PBXTargetDependency */,
			);
			name = tableViewUITests;
			productName = tableViewUITests;
			productReference = 9734772A25AA42CA009E7102 /* tableViewUITests.xctest */;
			productType = "com.apple.product-type.bundle.ui-testing";
		};
/* End PBXNativeTarget section */

/* Begin PBXProject section */
		9734770525AA42C6009E7102 /* Project object */ = {
			isa = PBXProject;
			attributes = {
				LastSwiftUpdateCheck = 1220;
				LastUpgradeCheck = 1220;
				TargetAttributes = {
					9734770C25AA42C6009E7102 = {
						CreatedOnToolsVersion = 12.2;
					};
					9734771E25AA42CA009E7102 = {
						CreatedOnToolsVersion = 12.2;
						TestTargetID = 9734770C25AA42C6009E7102;
					};
					9734772925AA42CA009E7102 = {
						CreatedOnToolsVersion = 12.2;
						TestTargetID = 9734770C25AA42C6009E7102;
					};
				};
			};
			buildConfigurationList = 9734770825AA42C6009E7102 /* Build configuration list for PBXProject "tableView" */;
			compatibilityVersion = "Xcode 9.3";
			developmentRegion = en;
			hasScannedForEncodings = 0;
			knownRegions = (
				en,
				Base,
			);
			mainGroup = 9734770425AA42C6009E7102;
			productRefGroup = 9734770E25AA42C6009E7102 /* Products */;
			projectDirPath = "";
			projectRoot = "";
			targets = (
				9734770C25AA42C6009E7102 /* tableView */,
				9734771E25AA42CA009E7102 /* tableViewTests */,
				9734772925AA42CA009E7102 /* tableViewUITests */,
			);
		};
/* End PBXProject section */

/* Begin PBXResourcesBuildPhase section */
		9734770B25AA42C6009E7102 /* Resources */ = {
			isa = PBXResourcesBuildPhase;
			buildActionMask = 2147483647;
			files = (
				9734771525AA42C9009E7102 /* Assets.xcassets in Resources */,
				9734771825AA42C9009E7102 /* Main.storyboard in Resources */,
			);
			runOnlyForDeploymentPostprocessing = 0;
		};
		9734771D25AA42CA009E7102 /* Resources */ = {
			isa = PBXResourcesBuildPhase;
			buildActionMask = 2147483647;
			files = (
			);
			runOnlyForDeploymentPostprocessing = 0;
		};
		9734772825AA42CA009E7102 /* Resources */ = {
			isa = PBXResourcesBuildPhase;
			buildActionMask = 2147483647;
			files = (
			);
			runOnlyForDeploymentPostprocessing = 0;
		};
/* End PBXResourcesBuildPhase section */

/* Begin PBXSourcesBuildPhase section */
		9734770925AA42C6009E7102 /* Sources */ = {
			isa = PBXSourcesBuildPhase;
			buildActionMask = 2147483647;
			files = (
				9734771325AA42C6009E7102 /* ViewController.swift in Sources */,
				9734771125AA42C6009E7102 /* AppDelegate.swift in Sources */,
				9734774025AA4934009E7102 /* CustomTableCell.swift in Sources */,
			);
			runOnlyForDeploymentPostprocessing = 0;
		};
		9734771B25AA42CA009E7102 /* Sources */ = {
			isa = PBXSourcesBuildPhase;
			buildActionMask = 2147483647;
			files = (
				9734772425AA42CA009E7102 /* tableViewTests.swift in Sources */,
			);
			runOnlyForDeploymentPostprocessing = 0;
		};
		9734772625AA42CA009E7102 /* Sources */ = {
			isa = PBXSourcesBuildPhase;
			buildActionMask = 2147483647;
			files = (
				9734772F25AA42CA009E7102 /* tableViewUITests.swift in Sources */,
			);
			runOnlyForDeploymentPostprocessing = 0;
		};
/* End PBXSourcesBuildPhase section */

/* Begin PBXTargetDependency section */
		9734772125AA42CA009E7102 /* PBXTargetDependency */ = {
			isa = PBXTargetDependency;
			target = 9734770C25AA42C6009E7102 /* tableView */;
			targetProxy = 9734772025AA42CA009E7102 /* PBXContainerItemProxy */;
		};
		9734772C25AA42CA009E7102 /* PBXTargetDependency */ = {
			isa = PBXTargetDependency;
			target = 9734770C25AA42C6009E7102 /* tableView */;
			targetProxy = 9734772B25AA42CA009E7102 /* PBXContainerItemProxy */;
		};
/* End PBXTargetDependency section */

/* Begin PBXVariantGroup section */
		9734771625AA42C9009E7102 /* Main.storyboard */ = {
			isa = PBXVariantGroup;
			children = (
				9734771725AA42C9009E7102 /* Base */,
			);
			name = Main.storyboard;
			sourceTree = "<group>";
		};
/* End PBXVariantGroup section */

/* Begin XCBuildConfiguration section */
		9734773125AA42CA009E7102 /* Debug */ = {
			isa = XCBuildConfiguration;
			buildSettings = {
				ALWAYS_SEARCH_USER_PATHS = NO;
				CLANG_ANALYZER_NONNULL = YES;
				CLANG_ANALYZER_NUMBER_OBJECT_CONVERSION = YES_AGGRESSIVE;
				CLANG_CXX_LANGUAGE_STANDARD = "gnu++14";
				CLANG_CXX_LIBRARY = "libc++";
				CLANG_ENABLE_MODULES = YES;
				CLANG_ENABLE_OBJC_ARC = YES;
				CLANG_ENABLE_OBJC_WEAK = YES;
				CLANG_WARN_BLOCK_CAPTURE_AUTORELEASING = YES;
				CLANG_WARN_BOOL_CONVERSION = YES;
				CLANG_WARN_COMMA = YES;
				CLANG_WARN_CONSTANT_CONVERSION = YES;
				CLANG_WARN_DEPRECATED_OBJC_IMPLEMENTATIONS = YES;
				CLANG_WARN_DIRECT_OBJC_ISA_USAGE = YES_ERROR;
				CLANG_WARN_DOCUMENTATION_COMMENTS = YES;
				CLANG_WARN_EMPTY_BODY = YES;
				CLANG_WARN_ENUM_CONVERSION = YES;
				CLANG_WARN_INFINITE_RECURSION = YES;
				CLANG_WARN_INT_CONVERSION = YES;
				CLANG_WARN_NON_LITERAL_NULL_CONVERSION = YES;
				CLANG_WARN_OBJC_IMPLICIT_RETAIN_SELF = YES;
				CLANG_WARN_OBJC_LITERAL_CONVERSION = YES;
				CLANG_WARN_OBJC_ROOT_CLASS = YES_ERROR;
				CLANG_WARN_QUOTED_INCLUDE_IN_FRAMEWORK_HEADER = YES;
				CLANG_WARN_RANGE_LOOP_ANALYSIS = YES;
				CLANG_WARN_STRICT_PROTOTYPES = YES;
				CLANG_WARN_SUSPICIOUS_MOVE = YES;
				CLANG_WARN_UNGUARDED_AVAILABILITY = YES_AGGRESSIVE;
				CLANG_WARN_UNREACHABLE_CODE = YES;
				CLANG_WARN__DUPLICATE_METHOD_MATCH = YES;
				COPY_PHASE_STRIP = NO;
				DEBUG_INFORMATION_FORMAT = dwarf;
				ENABLE_STRICT_OBJC_MSGSEND = YES;
				ENABLE_TESTABILITY = YES;
				GCC_C_LANGUAGE_STANDARD = gnu11;
				GCC_DYNAMIC_NO_PIC = NO;
				GCC_NO_COMMON_BLOCKS = YES;
				GCC_OPTIMIZATION_LEVEL = 0;
				GCC_PREPROCESSOR_DEFINITIONS = (
					"DEBUG=1",
					"$(inherited)",
				);
				GCC_WARN_64_TO_32_BIT_CONVERSION = YES;
				GCC_WARN_ABOUT_RETURN_TYPE = YES_ERROR;
				GCC_WARN_UNDECLARED_SELECTOR = YES;
				GCC_WARN_UNINITIALIZED_AUTOS = YES_AGGRESSIVE;
				GCC_WARN_UNUSED_FUNCTION = YES;
				GCC_WARN_UNUSED_VARIABLE = YES;
				MACOSX_DEPLOYMENT_TARGET = 10.15;
				MTL_ENABLE_DEBUG_INFO = INCLUDE_SOURCE;
				MTL_FAST_MATH = YES;
				ONLY_ACTIVE_ARCH = YES;
				SDKROOT = macosx;
				SWIFT_ACTIVE_COMPILATION_CONDITIONS = DEBUG;
				SWIFT_OPTIMIZATION_LEVEL = "-Onone";
			};
			name = Debug;
		};
		9734773225AA42CA009E7102 /* Release */ = {
			isa = XCBuildConfiguration;
			buildSettings = {
				ALWAYS_SEARCH_USER_PATHS = NO;
				CLANG_ANALYZER_NONNULL = YES;
				CLANG_ANALYZER_NUMBER_OBJECT_CONVERSION = YES_AGGRESSIVE;
				CLANG_CXX_LANGUAGE_STANDARD = "gnu++14";
				CLANG_CXX_LIBRARY = "libc++";
				CLANG_ENABLE_MODULES = YES;
				CLANG_ENABLE_OBJC_ARC = YES;
				CLANG_ENABLE_OBJC_WEAK = YES;
				CLANG_WARN_BLOCK_CAPTURE_AUTORELEASING = YES;
				CLANG_WARN_BOOL_CONVERSION = YES;
				CLANG_WARN_COMMA = YES;
				CLANG_WARN_CONSTANT_CONVERSION = YES;
				CLANG_WARN_DEPRECATED_OBJC_IMPLEMENTATIONS = YES;
				CLANG_WARN_DIRECT_OBJC_ISA_USAGE = YES_ERROR;
				CLANG_WARN_DOCUMENTATION_COMMENTS = YES;
				CLANG_WARN_EMPTY_BODY = YES;
				CLANG_WARN_ENUM_CONVERSION = YES;
				CLANG_WARN_INFINITE_RECURSION = YES;
				CLANG_WARN_INT_CONVERSION = YES;
				CLANG_WARN_NON_LITERAL_NULL_CONVERSION = YES;
				CLANG_WARN_OBJC_IMPLICIT_RETAIN_SELF = YES;
				CLANG_WARN_OBJC_LITERAL_CONVERSION = YES;
				CLANG_WARN_OBJC_ROOT_CLASS = YES_ERROR;
				CLANG_WARN_QUOTED_INCLUDE_IN_FRAMEWORK_HEADER = YES;
				CLANG_WARN_RANGE_LOOP_ANALYSIS = YES;
				CLANG_WARN_STRICT_PROTOTYPES = YES;
				CLANG_WARN_SUSPICIOUS_MOVE = YES;
				CLANG_WARN_UNGUARDED_AVAILABILITY = YES_AGGRESSIVE;
				CLANG_WARN_UNREACHABLE_CODE = YES;
				CLANG_WARN__DUPLICATE_METHOD_MATCH = YES;
				COPY_PHASE_STRIP = NO;
				DEBUG_INFORMATION_FORMAT = "dwarf-with-dsym";
				ENABLE_NS_ASSERTIONS = NO;
				ENABLE_STRICT_OBJC_MSGSEND = YES;
				GCC_C_LANGUAGE_STANDARD = gnu11;
				GCC_NO_COMMON_BLOCKS = YES;
				GCC_WARN_64_TO_32_BIT_CONVERSION = YES;
				GCC_WARN_ABOUT_RETURN_TYPE = YES_ERROR;
				GCC_WARN_UNDECLARED_SELECTOR = YES;
				GCC_WARN_UNINITIALIZED_AUTOS = YES_AGGRESSIVE;
				GCC_WARN_UNUSED_FUNCTION = YES;
				GCC_WARN_UNUSED_VARIABLE = YES;
				MACOSX_DEPLOYMENT_TARGET = 10.15;
				MTL_ENABLE_DEBUG_INFO = NO;
				MTL_FAST_MATH = YES;
				SDKROOT = macosx;
				SWIFT_COMPILATION_MODE = wholemodule;
				SWIFT_OPTIMIZATION_LEVEL = "-O";
			};
			name = Release;
		};
		9734773425AA42CA009E7102 /* Debug */ = {
			isa = XCBuildConfiguration;
			buildSettings = {
				ASSETCATALOG_COMPILER_APPICON_NAME = AppIcon;
				ASSETCATALOG_COMPILER_GLOBAL_ACCENT_COLOR_NAME = AccentColor;
				CODE_SIGN_ENTITLEMENTS = tableView/tableView.entitlements;
				CODE_SIGN_STYLE = Automatic;
				COMBINE_HIDPI_IMAGES = YES;
				DEVELOPMENT_TEAM = 7QPZTLEJ7L;
				ENABLE_HARDENED_RUNTIME = YES;
				INFOPLIST_FILE = tableView/Info.plist;
				LD_RUNPATH_SEARCH_PATHS = (
					"$(inherited)",
					"@executable_path/../Frameworks",
				);
				PRODUCT_BUNDLE_IDENTIFIER = com.gamerocketstudio.tableView;
				PRODUCT_NAME = "$(TARGET_NAME)";
				SWIFT_VERSION = 5.0;
			};
			name = Debug;
		};
		9734773525AA42CA009E7102 /* Release */ = {
			isa = XCBuildConfiguration;
			buildSettings = {
				ASSETCATALOG_COMPILER_APPICON_NAME = AppIcon;
				ASSETCATALOG_COMPILER_GLOBAL_ACCENT_COLOR_NAME = AccentColor;
				CODE_SIGN_ENTITLEMENTS = tableView/tableView.entitlements;
				CODE_SIGN_STYLE = Automatic;
				COMBINE_HIDPI_IMAGES = YES;
				DEVELOPMENT_TEAM = 7QPZTLEJ7L;
				ENABLE_HARDENED_RUNTIME = YES;
				INFOPLIST_FILE = tableView/Info.plist;
				LD_RUNPATH_SEARCH_PATHS = (
					"$(inherited)",
					"@executable_path/../Frameworks",
				);
				PRODUCT_BUNDLE_IDENTIFIER = com.gamerocketstudio.tableView;
				PRODUCT_NAME = "$(TARGET_NAME)";
				SWIFT_VERSION = 5.0;
			};
			name = Release;
		};
		9734773725AA42CA009E7102 /* Debug */ = {
			isa = XCBuildConfiguration;
			buildSettings = {
				ALWAYS_EMBED_SWIFT_STANDARD_LIBRARIES = YES;
				BUNDLE_LOADER = "$(TEST_HOST)";
				CODE_SIGN_STYLE = Automatic;
				COMBINE_HIDPI_IMAGES = YES;
				DEVELOPMENT_TEAM = 7QPZTLEJ7L;
				INFOPLIST_FILE = tableViewTests/Info.plist;
				LD_RUNPATH_SEARCH_PATHS = (
					"$(inherited)",
					"@executable_path/../Frameworks",
					"@loader_path/../Frameworks",
				);
				MACOSX_DEPLOYMENT_TARGET = 10.15;
				PRODUCT_BUNDLE_IDENTIFIER = com.gamerocketstudio.tableViewTests;
				PRODUCT_NAME = "$(TARGET_NAME)";
				SWIFT_VERSION = 5.0;
				TEST_HOST = "$(BUILT_PRODUCTS_DIR)/tableView.app/Contents/MacOS/tableView";
			};
			name = Debug;
		};
		9734773825AA42CA009E7102 /* Release */ = {
			isa = XCBuildConfiguration;
			buildSettings = {
				ALWAYS_EMBED_SWIFT_STANDARD_LIBRARIES = YES;
				BUNDLE_LOADER = "$(TEST_HOST)";
				CODE_SIGN_STYLE = Automatic;
				COMBINE_HIDPI_IMAGES = YES;
				DEVELOPMENT_TEAM = 7QPZTLEJ7L;
				INFOPLIST_FILE = tableViewTests/Info.plist;
				LD_RUNPATH_SEARCH_PATHS = (
					"$(inherited)",
					"@executable_path/../Frameworks",
					"@loader_path/../Frameworks",
				);
				MACOSX_DEPLOYMENT_TARGET = 10.15;
				PRODUCT_BUNDLE_IDENTIFIER = com.gamerocketstudio.tableViewTests;
				PRODUCT_NAME = "$(TARGET_NAME)";
				SWIFT_VERSION = 5.0;
				TEST_HOST = "$(BUILT_PRODUCTS_DIR)/tableView.app/Contents/MacOS/tableView";
			};
			name = Release;
		};
		9734773A25AA42CA009E7102 /* Debug */ = {
			isa = XCBuildConfiguration;
			buildSettings = {
				ALWAYS_EMBED_SWIFT_STANDARD_LIBRARIES = YES;
				CODE_SIGN_STYLE = Automatic;
				COMBINE_HIDPI_IMAGES = YES;
				DEVELOPMENT_TEAM = 7QPZTLEJ7L;
				INFOPLIST_FILE = tableViewUITests/Info.plist;
				LD_RUNPATH_SEARCH_PATHS = (
					"$(inherited)",
					"@executable_path/../Frameworks",
					"@loader_path/../Frameworks",
				);
				PRODUCT_BUNDLE_IDENTIFIER = com.gamerocketstudio.tableViewUITests;
				PRODUCT_NAME = "$(TARGET_NAME)";
				SWIFT_VERSION = 5.0;
				TEST_TARGET_NAME = tableView;
			};
			name = Debug;
		};
		9734773B25AA42CA009E7102 /* Release */ = {
			isa = XCBuildConfiguration;
			buildSettings = {
				ALWAYS_EMBED_SWIFT_STANDARD_LIBRARIES = YES;
				CODE_SIGN_STYLE = Automatic;
				COMBINE_HIDPI_IMAGES = YES;
				DEVELOPMENT_TEAM = 7QPZTLEJ7L;
				INFOPLIST_FILE = tableViewUITests/Info.plist;
				LD_RUNPATH_SEARCH_PATHS = (
					"$(inherited)",
					"@executable_path/../Frameworks",
					"@loader_path/../Frameworks",
				);
				PRODUCT_BUNDLE_IDENTIFIER = com.gamerocketstudio.tableViewUITests;
				PRODUCT_NAME = "$(TARGET_NAME)";
				SWIFT_VERSION = 5.0;
				TEST_TARGET_NAME = tableView;
			};
			name = Release;
		};
/* End XCBuildConfiguration section */

/* Begin XCConfigurationList section */
		9734770825AA42C6009E7102 /* Build configuration list for PBXProject "tableView" */ = {
			isa = XCConfigurationList;
			buildConfigurations = (
				9734773125AA42CA009E7102 /* Debug */,
				9734773225AA42CA009E7102 /* Release */,
			);
			defaultConfigurationIsVisible = 0;
			defaultConfigurationName = Release;
		};
		9734773325AA42CA009E7102 /* Build configuration list for PBXNativeTarget "tableView" */ = {
			isa = XCConfigurationList;
			buildConfigurations = (
				9734773425AA42CA009E7102 /* Debug */,
				9734773525AA42CA009E7102 /* Release */,
			);
			defaultConfigurationIsVisible = 0;
			defaultConfigurationName = Release;
		};
		9734773625AA42CA009E7102 /* Build configuration list for PBXNativeTarget "tableViewTests" */ = {
			isa = XCConfigurationList;
			buildConfigurations = (
				9734773725AA42CA009E7102 /* Debug */,
				9734773825AA42CA009E7102 /* Release */,
			);
			defaultConfigurationIsVisible = 0;
			defaultConfigurationName = Release;
		};
		9734773925AA42CA009E7102 /* Build configuration list for PBXNativeTarget "tableViewUITests" */ = {
			isa = XCConfigurationList;
			buildConfigurations = (
				9734773A25AA42CA009E7102 /* Debug */,
				9734773B25AA42CA009E7102 /* Release */,
			);
			defaultConfigurationIsVisible = 0;
			defaultConfigurationName = Release;
		};
/* End XCConfigurationList section */
	};
	rootObject = 9734770525AA42C6009E7102 /* Project object */;
}
